{
  "name": "tomtong-cli",
  "version": "1.0.0",
  "lockfileVersion": 2,
  "requires": true,
  "packages": {
    "": {
      "name": "tomtong-cli",
      "version": "1.0.0",
      "license": "ISC",
      "dependencies": {
        "tomtong-cli": "^1.0.0"
      },
      "bin": {
        "tomtong-cli": "bin/index.js"
      },
      "devDependencies": {}
    },
    "node_modules/tomtong-cli": {
      "version": "1.0.0",
      "resolved": "https://registry.npmjs.org/tomtong-cli/-/tomtong-cli-1.0.0.tgz",
      "integrity": "sha512-+MtA4f/rF7efqoO/cJmqQYvU7AvnCEpL0J6BN8iIETW0D9QTjv/QrBBBDS4ps+2PmrdThzHnb03mLmja73IaRA==",
      "bin": {
        "tomtong-cli": "bin/index.js"
      }
    }
  },
  "dependencies": {
    "tomtong-cli": {
      "version": "1.0.0",
      "resolved": "https://registry.npmjs.org/tomtong-cli/-/tomtong-cli-1.0.0.tgz",
      "integrity": "sha512-+MtA4f/rF7efqoO/cJmqQYvU7AvnCEpL0J6BN8iIETW0D9QTjv/QrBBBDS4ps+2PmrdThzHnb03mLmja73IaRA=="
    }
  }
}
